{
    "_meta": {
        "hash": {
            "sha256": "b24bd387b4aecb049f5e15dfd59b50fe9531bc1078c7cd583b52334b7e6fad2c"
        },
        "pipfile-spec": 6,
        "requires": {
            "python_version": "3.11"
        },
        "sources": [
            {
                "name": "pypi",
                "url": "https://pypi.org/simple",
                "verify_ssl": true
            }
        ]
    },
    "default": {
        "anyio": {
            "hashes": [
                "sha256:275d9973793619a5374e1c89a4f4ad3f4b0a5510a2b5b939444bee8f4c4d37ce",
                "sha256:eddca883c4175f14df8aedce21054bfca3adb70ffe76a9f607aef9d7fa2ea7f0"
            ],
            "markers": "python_version >= '3.7'",
            "version": "==3.7.0"
        },
        "certifi": {
            "hashes": [
                "sha256:0f0d56dc5a6ad56fd4ba36484d6cc34451e1c6548c61daad8c320169f91eddc7",
                "sha256:c6c2e98f5c7869efca1f8916fed228dd91539f9f1b444c314c06eef02980c716"
            ],
            "markers": "python_version >= '3.6'",
            "version": "==2023.5.7"
        },
        "h11": {
            "hashes": [
                "sha256:8f19fbbe99e72420ff35c00b27a34cb9937e902a8b810e2c88300c6f0a3b699d",
                "sha256:e3fe4ac4b851c468cc8363d500db52c2ead036020723024a109d37346efaa761"
            ],
            "markers": "python_version >= '3.7'",
            "version": "==0.14.0"
        },
        "hjson": {
            "hashes": [
                "sha256:55af475a27cf83a7969c808399d7bccdec8fb836a07ddbd574587593b9cdcf75",
                "sha256:65713cdcf13214fb554eb8b4ef803419733f4f5e551047c9b711098ab7186b89"
            ],
            "index": "pypi",
            "version": "==3.1.0"
        },
        "httpcore": {
            "hashes": [
                "sha256:125f8375ab60036db632f34f4b627a9ad085048eef7cb7d2616fea0f739f98af",
                "sha256:5581b9c12379c4288fe70f43c710d16060c10080617001e6b22a3b6dbcbefd36"
            ],
            "markers": "python_version >= '3.7'",
            "version": "==0.17.2"
        },
        "httpx": {
            "hashes": [
                "sha256:06781eb9ac53cde990577af654bd990a4949de37a28bdb4a230d434f3a30b9bd",
                "sha256:5853a43053df830c20f8110c5e69fe44d035d850b2dfe795e196f00fdb774bdd"
            ],
            "index": "pypi",
            "version": "==0.24.1"
        },
        "idna": {
            "hashes": [
                "sha256:814f528e8dead7d329833b91c5faa87d60bf71824cd12a7530b5526063d02cb4",
                "sha256:90b77e79eaa3eba6de819a0c442c0b4ceefc341a7a2ab77d7562bf49f425c5c2"
            ],
            "markers": "python_version >= '3.5'",
            "version": "==3.4"
        },
        "joblib": {
            "hashes": [
                "sha256:0b12a65dc76c530dbd790dd92881f75c40932b4254a7c8e608a868df408ca0a3",
                "sha256:172d56d4c43dd6bcd953bea213018c4084cf754963bbf54b8dae40faea716b98"
            ],
            "markers": "python_version >= '3.7'",
            "version": "==1.3.0"
        },
        "numpy": {
            "hashes": [
                "sha256:0ac6edfb35d2a99aaf102b509c8e9319c499ebd4978df4971b94419a116d0790",
                "sha256:26815c6c8498dc49d81faa76d61078c4f9f0859ce7817919021b9eba72b425e3",
                "sha256:4aedd08f15d3045a4e9c648f1e04daca2ab1044256959f1f95aafeeb3d794c16",
                "sha256:4c69fe5f05eea336b7a740e114dec995e2f927003c30702d896892403df6dbf0",
                "sha256:5177310ac2e63d6603f659fadc1e7bab33dd5a8db4e0596df34214eeab0fee3b",
                "sha256:5aa48bebfb41f93043a796128854b84407d4df730d3fb6e5dc36402f5cd594c0",
                "sha256:5b1b90860bf7d8a8c313b372d4f27343a54f415b20fb69dd601b7efe1029c91e",
                "sha256:6c284907e37f5e04d2412950960894b143a648dea3f79290757eb878b91acbd1",
                "sha256:6d183b5c58513f74225c376643234c369468e02947b47942eacbb23c1671f25d",
                "sha256:7412125b4f18aeddca2ecd7219ea2d2708f697943e6f624be41aa5f8a9852cc4",
                "sha256:7cd981ccc0afe49b9883f14761bb57c964df71124dcd155b0cba2b591f0d64b9",
                "sha256:85cdae87d8c136fd4da4dad1e48064d700f63e923d5af6c8c782ac0df8044542",
                "sha256:8aa130c3042052d656751df5e81f6d61edff3e289b5994edcf77f54118a8d9f4",
                "sha256:95367ccd88c07af21b379be1725b5322362bb83679d36691f124a16357390153",
                "sha256:9c7211d7920b97aeca7b3773a6783492b5b93baba39e7c36054f6e749fc7490c",
                "sha256:9e3f2b96e3b63c978bc29daaa3700c028fe3f049ea3031b58aa33fe2a5809d24",
                "sha256:b76aa836a952059d70a2788a2d98cb2a533ccd46222558b6970348939e55fc24",
                "sha256:b792164e539d99d93e4e5e09ae10f8cbe5466de7d759fc155e075237e0c274e4",
                "sha256:c0dc071017bc00abb7d7201bac06fa80333c6314477b3d10b52b58fa6a6e38f6",
                "sha256:cc3fda2b36482891db1060f00f881c77f9423eead4c3579629940a3e12095fe8",
                "sha256:d6b267f349a99d3908b56645eebf340cb58f01bd1e773b4eea1a905b3f0e4208",
                "sha256:d76a84998c51b8b68b40448ddd02bd1081bb33abcdc28beee6cd284fe11036c6",
                "sha256:e559c6afbca484072a98a51b6fa466aae785cfe89b69e8b856c3191bc8872a82",
                "sha256:ecc68f11404930e9c7ecfc937aa423e1e50158317bf67ca91736a9864eae0232",
                "sha256:f1accae9a28dc3cda46a91de86acf69de0d1b5f4edd44a9b0c3ceb8036dfff19"
            ],
            "markers": "python_version >= '3.9'",
            "version": "==1.25.0"
        },
        "pyproj": {
            "hashes": [
                "sha256:00fab048596c17572fa8980014ef117dbb2a445e6f7ba3b9ddfcc683efc598e7",
                "sha256:08dfc5c9533c78a97afae9d53b99b810a4a8f97c3be9eb2b8f323b726c736403",
                "sha256:1283d3c1960edbb74828f5f3405b27578a9a27f7766ab6a3956f4bd851f08239",
                "sha256:137a07404f937f264b11b7130cd4cfa00002dbe4333b222e8056db84849c2ea4",
                "sha256:18a8bdb87aeb41b60a2e91d32f623227de3569fb83b4c64b174c3a7c5b0ed3ae",
                "sha256:23787460fab85ba2f857ee60ffb2e8e21fd9bd5db9833c51c1c05b2a6d9f0be5",
                "sha256:2799499a4045e4fb73e44c31bdacab0593a253a7a4b6baae6fdd27d604cf9bc2",
                "sha256:3a4d2d438b007cb1f8d5f6f308d53d7ff9a2508cff8f9da6e2a93b76ffd98aaf",
                "sha256:4d8a9773503085eada59b6892c96ddf686ab8cf64cfdc18ad744d13ee76dfa6f",
                "sha256:557e6592855111c84eda176ddf6b130f55d5e2b9cb1c017b8c91b69f37f474f5",
                "sha256:595376e4d3bb72b7dceeccbce0f4c43053d47561f17a1ad0224407e9980ee849",
                "sha256:78276c6b0c831255c97c56dff7313a3571f327a284d8ac63d6a56437a72ed0e0",
                "sha256:830e6de7cfe43853967afee5ef908dfd5aa72d1ec12af9b9e3fecc179886e346",
                "sha256:8fbac2eb9a0e425d7d6b7c6f4ebacd675cf3bdef0c59887057b8b4b0374e7c12",
                "sha256:95120d65cbc5983dfd877076f28dbc18b9b329cbee38ca6e217bb7a5a043c099",
                "sha256:9de1aab71234bfd3fd648a1152519b5ee152c43113d7d8ea52590a0140129501",
                "sha256:a5b111865b3f0f8b77b3983f2fbe4dd6248fc09d3730295949977c8dcd988062",
                "sha256:ba5e7c8ddd6ed5a3f9fcf95ea80ba44c931913723de2ece841c94bb38b200c4a",
                "sha256:d7f6cd045df29aae960391dfe06a575c110af598f1dea5add8be6ca42332b0f5",
                "sha256:de6288b6ceabdeeac01abf627c74414822d322d8f55dc8efe4d29dedd27c5719",
                "sha256:dfe392dfc0eba2248dc08c976a72f52ff9da2bddfddfd9ff5dcf18e8e88200c7",
                "sha256:e342b3010b2b20134671564ff9a8c476e5e512bf589477480aded1a5813af7c8",
                "sha256:e427ccdbb1763872416549bdfa9fa1f5f169054653c4daf674e71480cc39cf11",
                "sha256:e600f6a2771d3b41aeb2cc1efd96771ae9a01451013da1dd48ff272e7c6e34ef",
                "sha256:f04f6297c615c3b17f835df2556ac8fb9b4f51f281e960437eaf0cd80e7ae26a"
            ],
            "index": "pypi",
            "version": "==3.6.0"
        },
        "scikit-learn": {
            "hashes": [
                "sha256:065e9673e24e0dc5113e2dd2b4ca30c9d8aa2fa90f4c0597241c93b63130d233",
                "sha256:2dd3ffd3950e3d6c0c0ef9033a9b9b32d910c61bd06cb8206303fb4514b88a49",
                "sha256:2e2642baa0ad1e8f8188917423dd73994bf25429f8893ddbe115be3ca3183584",
                "sha256:44b47a305190c28dd8dd73fc9445f802b6ea716669cfc22ab1eb97b335d238b1",
                "sha256:6477eed40dbce190f9f9e9d0d37e020815825b300121307942ec2110302b66a3",
                "sha256:6fe83b676f407f00afa388dd1fdd49e5c6612e551ed84f3b1b182858f09e987d",
                "sha256:7d5312d9674bed14f73773d2acf15a3272639b981e60b72c9b190a0cffed5bad",
                "sha256:7f69313884e8eb311460cc2f28676d5e400bd929841a2c8eb8742ae78ebf7c20",
                "sha256:8156db41e1c39c69aa2d8599ab7577af53e9e5e7a57b0504e116cc73c39138dd",
                "sha256:8429aea30ec24e7a8c7ed8a3fa6213adf3814a6efbea09e16e0a0c71e1a1a3d7",
                "sha256:8b0670d4224a3c2d596fd572fb4fa673b2a0ccfb07152688ebd2ea0b8c61025c",
                "sha256:953236889928d104c2ef14027539f5f2609a47ebf716b8cbe4437e85dce42744",
                "sha256:99cc01184e347de485bf253d19fcb3b1a3fb0ee4cea5ee3c43ec0cc429b6d29f",
                "sha256:9c710ff9f9936ba8a3b74a455ccf0dcf59b230caa1e9ba0223773c490cab1e51",
                "sha256:ad66c3848c0a1ec13464b2a95d0a484fd5b02ce74268eaa7e0c697b904f31d6c",
                "sha256:bf036ea7ef66115e0d49655f16febfa547886deba20149555a41d28f56fd6d3c",
                "sha256:dfeaf8be72117eb61a164ea6fc8afb6dfe08c6f90365bde2dc16456e4bc8e45f",
                "sha256:e6e574db9914afcb4e11ade84fab084536a895ca60aadea3041e85b8ac963edb",
                "sha256:ea061bf0283bf9a9f36ea3c5d3231ba2176221bbd430abd2603b1c3b2ed85c89",
                "sha256:fe0aa1a7029ed3e1dcbf4a5bc675aa3b1bc468d9012ecf6c6f081251ca47f590",
                "sha256:fe175ee1dab589d2e1033657c5b6bec92a8a3b69103e3dd361b58014729975c3"
            ],
            "index": "pypi",
            "version": "==1.2.2"
        },
        "scipy": {
            "hashes": [
                "sha256:08d957ca82d3535b3b9ba6c8ff355d78fe975271874e2af267cb5add5bd78625",
                "sha256:249cfa465c379c9bb2c20123001e151ff5e29b351cbb7f9c91587260602c58d0",
                "sha256:366a6a937110d80dca4f63b3f5b00cc89d36f678b2d124a01067b154e692bab1",
                "sha256:39154437654260a52871dfde852adf1b93b1d1bc5dc0ffa70068f16ec0be2624",
                "sha256:396fae3f8c12ad14c5f3eb40499fd06a6fef8393a6baa352a652ecd51e74e029",
                "sha256:3b9963798df1d8a52db41a6fc0e6fa65b1c60e85d73da27ae8bb754de4792481",
                "sha256:3e8eb42db36526b130dfbc417609498a6192381abc1975b91e3eb238e0b41c1a",
                "sha256:512fdc18c65f76dadaca139348e525646d440220d8d05f6d21965b8d4466bccd",
                "sha256:aec8c62fbe52914f9cf28d846cf0401dd80ab80788bbab909434eb336ed07c04",
                "sha256:b41a0f322b4eb51b078cb3441e950ad661ede490c3aca66edef66f4b37ab1877",
                "sha256:b4bb943010203465ac81efa392e4645265077b4d9e99b66cf3ed33ae12254173",
                "sha256:b588311875c58d1acd4ef17c983b9f1ab5391755a47c3d70b6bd503a45bfaf71",
                "sha256:ba94eeef3c9caa4cea7b402a35bb02a5714ee1ee77eb98aca1eed4543beb0f4c",
                "sha256:be8c962a821957fdde8c4044efdab7a140c13294997a407eaee777acf63cbf0c",
                "sha256:cce154372f0ebe88556ed06d7b196e9c2e0c13080ecb58d0f35062dc7cc28b47",
                "sha256:d51565560565a0307ed06fa0ec4c6f21ff094947d4844d6068ed04400c72d0c3",
                "sha256:e866514bc2d660608447b6ba95c8900d591f2865c07cca0aa4f7ff3c4ca70f30",
                "sha256:fb5b492fa035334fd249f0973cc79ecad8b09c604b42a127a677b45a9a3d4289",
                "sha256:ffb28e3fa31b9c376d0fb1f74c1f13911c8c154a760312fbee87a21eb21efe31"
            ],
            "index": "pypi",
            "version": "==1.11.1"
        },
        "sniffio": {
            "hashes": [
                "sha256:e60305c5e5d314f5389259b7f22aaa33d8f7dee49763119234af3755c55b9101",
                "sha256:eecefdce1e5bbfb7ad2eeaabf7c1eeb404d7757c379bd1f7e5cce9d8bf425384"
            ],
            "markers": "python_version >= '3.7'",
            "version": "==1.3.0"
        },
        "tenacity": {
            "hashes": [
                "sha256:2f277afb21b851637e8f52e6a613ff08734c347dc19ade928e519d7d2d8569b0",
                "sha256:43af037822bd0029025877f3b2d97cc4d7bb0c2991000a3d59d71517c5c969e0"
            ],
            "index": "pypi",
            "version": "==8.2.2"
        },
        "threadpoolctl": {
            "hashes": [
                "sha256:8b99adda265feb6773280df41eece7b2e6561b772d21ffd52e372f999024907b",
                "sha256:a335baacfaa4400ae1f0d8e3a58d6674d2f8828e3716bb2802c44955ad391380"
            ],
            "markers": "python_version >= '3.6'",
            "version": "==3.1.0"
        },
        "tinydb": {
            "hashes": [
                "sha256:30c06d12383d7c332e404ca6a6103fb2b32cbf25712689648c39d9a6bd34bd3d",
                "sha256:6dd686a9c5a75dfa9280088fd79a419aefe19cd7f4bd85eba203540ef856d564"
            ],
            "index": "pypi",
            "version": "==4.8.0"
        },
        "xmltodict": {
            "hashes": [
                "sha256:341595a488e3e01a85a9d8911d8912fd922ede5fecc4dce437eb4b6c8d037e56",
                "sha256:aa89e8fd76320154a40d19a0df04a4695fb9dc5ba977cbb68ab3e4eb225e7852"
            ],
            "index": "pypi",
            "version": "==0.13.0"
        }
    },
    "develop": {
        "autopep8": {
            "hashes": [
                "sha256:86e9303b5e5c8160872b2f5ef611161b2893e9bfe8ccc7e2f76385947d57a2f1",
                "sha256:f9849cdd62108cb739dbcdbfb7fdcc9a30d1b63c4cc3e1c1f893b5360941b61c"
            ],
            "index": "pypi",
            "version": "==2.0.2"
        },
        "pycodestyle": {
            "hashes": [
                "sha256:347187bdb476329d98f695c213d7295a846d1152ff4fe9bacb8a9590b8ee7053",
                "sha256:8a4eaf0d0495c7395bdab3589ac2db602797d76207242c17d470186815706610"
            ],
            "markers": "python_version >= '3.6'",
            "version": "==2.10.0"
        }
    }
}
